// !$*UTF8*$!
{
	archiveVersion = 1;
	classes = {
	};
	objectVersion = 56;
	objects = {

/* Begin PBXBuildFile section */
		6E44D5B02B7CA39D00546F46 /* KazUtility in Frameworks */ = {isa = PBXBuildFile; productRef = 6E44D5AF2B7CA39D00546F46 /* KazUtility */; };
		6E44D5B32B7CA56700546F46 /* HomeViewController.swift in Sources */ = {isa = PBXBuildFile; fileRef = 6E44D5B22B7CA56700546F46 /* HomeViewController.swift */; };
		6E44D5B62B7CA57700546F46 /* AppCoordinator.swift in Sources */ = {isa = PBXBuildFile; fileRef = 6E44D5B52B7CA57700546F46 /* AppCoordinator.swift */; };
		6E44D5B92B7CA59D00546F46 /* SnapKit in Frameworks */ = {isa = PBXBuildFile; productRef = 6E44D5B82B7CA59D00546F46 /* SnapKit */; };
		6E44D5BB2B7CAA1B00546F46 /* HomeCoordinator.swift in Sources */ = {isa = PBXBuildFile; fileRef = 6E44D5BA2B7CAA1B00546F46 /* HomeCoordinator.swift */; };
		6E44D5BD2B7CB16C00546F46 /* HomeViewModel.swift in Sources */ = {isa = PBXBuildFile; fileRef = 6E44D5BC2B7CB16C00546F46 /* HomeViewModel.swift */; };
		6E44D5BF2B7CE56F00546F46 /* TodoItem.swift in Sources */ = {isa = PBXBuildFile; fileRef = 6E44D5BE2B7CE56F00546F46 /* TodoItem.swift */; };
		6E44D5C12B7D780C00546F46 /* TodoStateFilterCollectionViewCell.swift in Sources */ = {isa = PBXBuildFile; fileRef = 6E44D5C02B7D780C00546F46 /* TodoStateFilterCollectionViewCell.swift */; };
		6E44D5C82B7D830300546F46 /* CardView.swift in Sources */ = {isa = PBXBuildFile; fileRef = 6E44D5C72B7D830300546F46 /* CardView.swift */; };
		6E44D5CA2B7D864E00546F46 /* MakeTodoViewController.swift in Sources */ = {isa = PBXBuildFile; fileRef = 6E44D5C92B7D864E00546F46 /* MakeTodoViewController.swift */; };
		6E44D5CD2B7D871900546F46 /* Divider.swift in Sources */ = {isa = PBXBuildFile; fileRef = 6E44D5CC2B7D871900546F46 /* Divider.swift */; };
		6E44D5D12B7D887C00546F46 /* TodoConfigTableViewCell.swift in Sources */ = {isa = PBXBuildFile; fileRef = 6E44D5D02B7D887C00546F46 /* TodoConfigTableViewCell.swift */; };
		6E44D5D32B7D8AB600546F46 /* MakeTodoViewModel.swift in Sources */ = {isa = PBXBuildFile; fileRef = 6E44D5D22B7D8AB600546F46 /* MakeTodoViewModel.swift */; };
		6E44D5D82B7D9D9400546F46 /* UpdateDueDateViewController.swift in Sources */ = {isa = PBXBuildFile; fileRef = 6E44D5D72B7D9D9400546F46 /* UpdateDueDateViewController.swift */; };
		6E44D5DA2B7D9DA900546F46 /* UpdateTagViewController.swift in Sources */ = {isa = PBXBuildFile; fileRef = 6E44D5D92B7D9DA900546F46 /* UpdateTagViewController.swift */; };
		6E44D5DC2B7D9DB600546F46 /* UpdatePriorityViewController.swift in Sources */ = {isa = PBXBuildFile; fileRef = 6E44D5DB2B7D9DB600546F46 /* UpdatePriorityViewController.swift */; };
		6E8F732B2B7CA00E005B2737 /* AppDelegate.swift in Sources */ = {isa = PBXBuildFile; fileRef = 6E8F732A2B7CA00E005B2737 /* AppDelegate.swift */; };
		6E8F732D2B7CA00E005B2737 /* SceneDelegate.swift in Sources */ = {isa = PBXBuildFile; fileRef = 6E8F732C2B7CA00E005B2737 /* SceneDelegate.swift */; };
		6E8F73342B7CA010005B2737 /* Assets.xcassets in Resources */ = {isa = PBXBuildFile; fileRef = 6E8F73332B7CA010005B2737 /* Assets.xcassets */; };
		6E8F73372B7CA010005B2737 /* LaunchScreen.storyboard in Resources */ = {isa = PBXBuildFile; fileRef = 6E8F73352B7CA010005B2737 /* LaunchScreen.storyboard */; };
		6EF0AC6E2B7E725600D98340 /* Realm in Frameworks */ = {isa = PBXBuildFile; productRef = 6EF0AC6D2B7E725600D98340 /* Realm */; };
		6EF0AC702B7E725600D98340 /* RealmSwift in Frameworks */ = {isa = PBXBuildFile; productRef = 6EF0AC6F2B7E725600D98340 /* RealmSwift */; };
		6EF0AC722B7E757C00D98340 /* IconLabel.swift in Sources */ = {isa = PBXBuildFile; fileRef = 6EF0AC712B7E757C00D98340 /* IconLabel.swift */; };
		6EF0AC762B7EE05D00D98340 /* TodoListViewController.swift in Sources */ = {isa = PBXBuildFile; fileRef = 6EF0AC752B7EE05D00D98340 /* TodoListViewController.swift */; };
		6EF0AC782B7EE0D300D98340 /* TodoListViewModel.swift in Sources */ = {isa = PBXBuildFile; fileRef = 6EF0AC772B7EE0D300D98340 /* TodoListViewModel.swift */; };
		6EF0AC7A2B7EE17C00D98340 /* TodoTableViewCell.swift in Sources */ = {isa = PBXBuildFile; fileRef = 6EF0AC792B7EE17C00D98340 /* TodoTableViewCell.swift */; };
		6EF0AC822B7FB6E900D98340 /* TodoItemRepository.swift in Sources */ = {isa = PBXBuildFile; fileRef = 6EF0AC812B7FB6E900D98340 /* TodoItemRepository.swift */; };
		6EF0AC842B7FB83200D98340 /* RealmModel.swift in Sources */ = {isa = PBXBuildFile; fileRef = 6EF0AC832B7FB83200D98340 /* RealmModel.swift */; };
		6EF0AC872B7FC37000D98340 /* RealmError.swift in Sources */ = {isa = PBXBuildFile; fileRef = 6EF0AC862B7FC37000D98340 /* RealmError.swift */; };
		6EF0AC8B2B7FC38F00D98340 /* LiveTodoItemRepository.swift in Sources */ = {isa = PBXBuildFile; fileRef = 6EF0AC8A2B7FC38F00D98340 /* LiveTodoItemRepository.swift */; };
		6EF0AC902B80A4E300D98340 /* RealmViewModel.swift in Sources */ = {isa = PBXBuildFile; fileRef = 6EF0AC8F2B80A4E300D98340 /* RealmViewModel.swift */; };
		6EF0AC932B81174900D98340 /* MakeTodoCoordinator.swift in Sources */ = {isa = PBXBuildFile; fileRef = 6EF0AC922B81174900D98340 /* MakeTodoCoordinator.swift */; };
		6EF0AC972B8218D500D98340 /* UpdateFlagViewController.swift in Sources */ = {isa = PBXBuildFile; fileRef = 6EF0AC962B8218D500D98340 /* UpdateFlagViewController.swift */; };
		6EF0AC9B2B8231D800D98340 /* List+.swift in Sources */ = {isa = PBXBuildFile; fileRef = 6EF0AC9A2B8231D800D98340 /* List+.swift */; };
		6EF0AC9D2B82367900D98340 /* TodoTag.swift in Sources */ = {isa = PBXBuildFile; fileRef = 6EF0AC9C2B82367900D98340 /* TodoTag.swift */; };
		6EF0AC9F2B82386F00D98340 /* TodoTagRepository.swift in Sources */ = {isa = PBXBuildFile; fileRef = 6EF0AC9E2B82386F00D98340 /* TodoTagRepository.swift */; };
		6EF0ACA12B8238EE00D98340 /* LiveTodoTagRepository.swift in Sources */ = {isa = PBXBuildFile; fileRef = 6EF0ACA02B8238EE00D98340 /* LiveTodoTagRepository.swift */; };
		6EF0ACA32B823CBB00D98340 /* TodoTagCollectionViewCell.swift in Sources */ = {isa = PBXBuildFile; fileRef = 6EF0ACA22B823CBB00D98340 /* TodoTagCollectionViewCell.swift */; };
		6EF0ACAF2B83335100D98340 /* FileManageError.swift in Sources */ = {isa = PBXBuildFile; fileRef = 6EF0ACAE2B83335100D98340 /* FileManageError.swift */; };
		6EF0ACB52B835C0B00D98340 /* String+.swift in Sources */ = {isa = PBXBuildFile; fileRef = 6EF0ACB42B835C0B00D98340 /* String+.swift */; };
		6EF0ACB82B83865600D98340 /* FSCalendar in Frameworks */ = {isa = PBXBuildFile; productRef = 6EF0ACB72B83865600D98340 /* FSCalendar */; };
		6EF0ACBA2B84243F00D98340 /* DueDateFilterViewController.swift in Sources */ = {isa = PBXBuildFile; fileRef = 6EF0ACB92B84243F00D98340 /* DueDateFilterViewController.swift */; };
		6EF0ACDF2B8484FD00D98340 /* TodoBox.swift in Sources */ = {isa = PBXBuildFile; fileRef = 6EF0ACDE2B8484FD00D98340 /* TodoBox.swift */; };
		6EF0ACE12B84871100D98340 /* UIColor+.swift in Sources */ = {isa = PBXBuildFile; fileRef = 6EF0ACE02B84871100D98340 /* UIColor+.swift */; };
		6EF0ACE52B848B0400D98340 /* MakeBoxViewController.swift in Sources */ = {isa = PBXBuildFile; fileRef = 6EF0ACE42B848B0400D98340 /* MakeBoxViewController.swift */; };
		6EF0ACE72B84C43C00D98340 /* TodoBoxRepository.swift in Sources */ = {isa = PBXBuildFile; fileRef = 6EF0ACE62B84C43C00D98340 /* TodoBoxRepository.swift */; };
		6EF0ACE92B84C48000D98340 /* LiveTodoBoxRepository.swift in Sources */ = {isa = PBXBuildFile; fileRef = 6EF0ACE82B84C48000D98340 /* LiveTodoBoxRepository.swift */; };
		6EF0ACEB2B84EF1400D98340 /* TodoBoxTableViewCell.swift in Sources */ = {isa = PBXBuildFile; fileRef = 6EF0ACEA2B84EF1400D98340 /* TodoBoxTableViewCell.swift */; };
/* End PBXBuildFile section */

/* Begin PBXFileReference section */
		6E44D5B22B7CA56700546F46 /* HomeViewController.swift */ = {isa = PBXFileReference; lastKnownFileType = sourcecode.swift; path = HomeViewController.swift; sourceTree = "<group>"; };
		6E44D5B52B7CA57700546F46 /* AppCoordinator.swift */ = {isa = PBXFileReference; lastKnownFileType = sourcecode.swift; path = AppCoordinator.swift; sourceTree = "<group>"; };
		6E44D5BA2B7CAA1B00546F46 /* HomeCoordinator.swift */ = {isa = PBXFileReference; lastKnownFileType = sourcecode.swift; path = HomeCoordinator.swift; sourceTree = "<group>"; };
		6E44D5BC2B7CB16C00546F46 /* HomeViewModel.swift */ = {isa = PBXFileReference; lastKnownFileType = sourcecode.swift; path = HomeViewModel.swift; sourceTree = "<group>"; };
		6E44D5BE2B7CE56F00546F46 /* TodoItem.swift */ = {isa = PBXFileReference; lastKnownFileType = sourcecode.swift; path = TodoItem.swift; sourceTree = "<group>"; };
		6E44D5C02B7D780C00546F46 /* TodoStateFilterCollectionViewCell.swift */ = {isa = PBXFileReference; lastKnownFileType = sourcecode.swift; path = TodoStateFilterCollectionViewCell.swift; sourceTree = "<group>"; };
		6E44D5C72B7D830300546F46 /* CardView.swift */ = {isa = PBXFileReference; lastKnownFileType = sourcecode.swift; path = CardView.swift; sourceTree = "<group>"; };
		6E44D5C92B7D864E00546F46 /* MakeTodoViewController.swift */ = {isa = PBXFileReference; lastKnownFileType = sourcecode.swift; path = MakeTodoViewController.swift; sourceTree = "<group>"; };
		6E44D5CC2B7D871900546F46 /* Divider.swift */ = {isa = PBXFileReference; lastKnownFileType = sourcecode.swift; path = Divider.swift; sourceTree = "<group>"; };
		6E44D5D02B7D887C00546F46 /* TodoConfigTableViewCell.swift */ = {isa = PBXFileReference; lastKnownFileType = sourcecode.swift; path = TodoConfigTableViewCell.swift; sourceTree = "<group>"; };
		6E44D5D22B7D8AB600546F46 /* MakeTodoViewModel.swift */ = {isa = PBXFileReference; lastKnownFileType = sourcecode.swift; path = MakeTodoViewModel.swift; sourceTree = "<group>"; };
		6E44D5D72B7D9D9400546F46 /* UpdateDueDateViewController.swift */ = {isa = PBXFileReference; lastKnownFileType = sourcecode.swift; path = UpdateDueDateViewController.swift; sourceTree = "<group>"; };
		6E44D5D92B7D9DA900546F46 /* UpdateTagViewController.swift */ = {isa = PBXFileReference; lastKnownFileType = sourcecode.swift; path = UpdateTagViewController.swift; sourceTree = "<group>"; };
		6E44D5DB2B7D9DB600546F46 /* UpdatePriorityViewController.swift */ = {isa = PBXFileReference; lastKnownFileType = sourcecode.swift; path = UpdatePriorityViewController.swift; sourceTree = "<group>"; };
		6E8F73272B7CA00E005B2737 /* SeSAC-Mission-TODO.app */ = {isa = PBXFileReference; explicitFileType = wrapper.application; includeInIndex = 0; path = "SeSAC-Mission-TODO.app"; sourceTree = BUILT_PRODUCTS_DIR; };
		6E8F732A2B7CA00E005B2737 /* AppDelegate.swift */ = {isa = PBXFileReference; lastKnownFileType = sourcecode.swift; path = AppDelegate.swift; sourceTree = "<group>"; };
		6E8F732C2B7CA00E005B2737 /* SceneDelegate.swift */ = {isa = PBXFileReference; lastKnownFileType = sourcecode.swift; path = SceneDelegate.swift; sourceTree = "<group>"; };
		6E8F73332B7CA010005B2737 /* Assets.xcassets */ = {isa = PBXFileReference; lastKnownFileType = folder.assetcatalog; path = Assets.xcassets; sourceTree = "<group>"; };
		6E8F73362B7CA010005B2737 /* Base */ = {isa = PBXFileReference; lastKnownFileType = file.storyboard; name = Base; path = Base.lproj/LaunchScreen.storyboard; sourceTree = "<group>"; };
		6E8F73382B7CA010005B2737 /* Info.plist */ = {isa = PBXFileReference; lastKnownFileType = text.plist.xml; path = Info.plist; sourceTree = "<group>"; };
		6EF0AC712B7E757C00D98340 /* IconLabel.swift */ = {isa = PBXFileReference; lastKnownFileType = sourcecode.swift; path = IconLabel.swift; sourceTree = "<group>"; };
		6EF0AC752B7EE05D00D98340 /* TodoListViewController.swift */ = {isa = PBXFileReference; lastKnownFileType = sourcecode.swift; path = TodoListViewController.swift; sourceTree = "<group>"; };
		6EF0AC772B7EE0D300D98340 /* TodoListViewModel.swift */ = {isa = PBXFileReference; lastKnownFileType = sourcecode.swift; path = TodoListViewModel.swift; sourceTree = "<group>"; };
		6EF0AC792B7EE17C00D98340 /* TodoTableViewCell.swift */ = {isa = PBXFileReference; lastKnownFileType = sourcecode.swift; path = TodoTableViewCell.swift; sourceTree = "<group>"; };
		6EF0AC812B7FB6E900D98340 /* TodoItemRepository.swift */ = {isa = PBXFileReference; lastKnownFileType = sourcecode.swift; path = TodoItemRepository.swift; sourceTree = "<group>"; };
		6EF0AC832B7FB83200D98340 /* RealmModel.swift */ = {isa = PBXFileReference; lastKnownFileType = sourcecode.swift; path = RealmModel.swift; sourceTree = "<group>"; };
		6EF0AC862B7FC37000D98340 /* RealmError.swift */ = {isa = PBXFileReference; lastKnownFileType = sourcecode.swift; path = RealmError.swift; sourceTree = "<group>"; };
		6EF0AC8A2B7FC38F00D98340 /* LiveTodoItemRepository.swift */ = {isa = PBXFileReference; lastKnownFileType = sourcecode.swift; path = LiveTodoItemRepository.swift; sourceTree = "<group>"; };
		6EF0AC8F2B80A4E300D98340 /* RealmViewModel.swift */ = {isa = PBXFileReference; lastKnownFileType = sourcecode.swift; path = RealmViewModel.swift; sourceTree = "<group>"; };
		6EF0AC922B81174900D98340 /* MakeTodoCoordinator.swift */ = {isa = PBXFileReference; lastKnownFileType = sourcecode.swift; path = MakeTodoCoordinator.swift; sourceTree = "<group>"; };
		6EF0AC962B8218D500D98340 /* UpdateFlagViewController.swift */ = {isa = PBXFileReference; lastKnownFileType = sourcecode.swift; path = UpdateFlagViewController.swift; sourceTree = "<group>"; };
		6EF0AC9A2B8231D800D98340 /* List+.swift */ = {isa = PBXFileReference; lastKnownFileType = sourcecode.swift; path = "List+.swift"; sourceTree = "<group>"; };
		6EF0AC9C2B82367900D98340 /* TodoTag.swift */ = {isa = PBXFileReference; lastKnownFileType = sourcecode.swift; path = TodoTag.swift; sourceTree = "<group>"; };
		6EF0AC9E2B82386F00D98340 /* TodoTagRepository.swift */ = {isa = PBXFileReference; lastKnownFileType = sourcecode.swift; path = TodoTagRepository.swift; sourceTree = "<group>"; };
		6EF0ACA02B8238EE00D98340 /* LiveTodoTagRepository.swift */ = {isa = PBXFileReference; lastKnownFileType = sourcecode.swift; path = LiveTodoTagRepository.swift; sourceTree = "<group>"; };
		6EF0ACA22B823CBB00D98340 /* TodoTagCollectionViewCell.swift */ = {isa = PBXFileReference; lastKnownFileType = sourcecode.swift; path = TodoTagCollectionViewCell.swift; sourceTree = "<group>"; };
		6EF0ACAE2B83335100D98340 /* FileManageError.swift */ = {isa = PBXFileReference; lastKnownFileType = sourcecode.swift; path = FileManageError.swift; sourceTree = "<group>"; };
		6EF0ACB42B835C0B00D98340 /* String+.swift */ = {isa = PBXFileReference; lastKnownFileType = sourcecode.swift; path = "String+.swift"; sourceTree = "<group>"; };
		6EF0ACB92B84243F00D98340 /* DueDateFilterViewController.swift */ = {isa = PBXFileReference; lastKnownFileType = sourcecode.swift; path = DueDateFilterViewController.swift; sourceTree = "<group>"; };
		6EF0ACDE2B8484FD00D98340 /* TodoBox.swift */ = {isa = PBXFileReference; lastKnownFileType = sourcecode.swift; path = TodoBox.swift; sourceTree = "<group>"; };
		6EF0ACE02B84871100D98340 /* UIColor+.swift */ = {isa = PBXFileReference; lastKnownFileType = sourcecode.swift; path = "UIColor+.swift"; sourceTree = "<group>"; };
		6EF0ACE42B848B0400D98340 /* MakeBoxViewController.swift */ = {isa = PBXFileReference; lastKnownFileType = sourcecode.swift; path = MakeBoxViewController.swift; sourceTree = "<group>"; };
		6EF0ACE62B84C43C00D98340 /* TodoBoxRepository.swift */ = {isa = PBXFileReference; lastKnownFileType = sourcecode.swift; path = TodoBoxRepository.swift; sourceTree = "<group>"; };
		6EF0ACE82B84C48000D98340 /* LiveTodoBoxRepository.swift */ = {isa = PBXFileReference; lastKnownFileType = sourcecode.swift; path = LiveTodoBoxRepository.swift; sourceTree = "<group>"; };
		6EF0ACEA2B84EF1400D98340 /* TodoBoxTableViewCell.swift */ = {isa = PBXFileReference; lastKnownFileType = sourcecode.swift; path = TodoBoxTableViewCell.swift; sourceTree = "<group>"; };
/* End PBXFileReference section */

/* Begin PBXFrameworksBuildPhase section */
		6E8F73242B7CA00E005B2737 /* Frameworks */ = {
			isa = PBXFrameworksBuildPhase;
			buildActionMask = 2147483647;
			files = (
				6EF0AC702B7E725600D98340 /* RealmSwift in Frameworks */,
				6EF0AC6E2B7E725600D98340 /* Realm in Frameworks */,
				6E44D5B02B7CA39D00546F46 /* KazUtility in Frameworks */,
				6EF0ACB82B83865600D98340 /* FSCalendar in Frameworks */,
				6E44D5B92B7CA59D00546F46 /* SnapKit in Frameworks */,
			);
			runOnlyForDeploymentPostprocessing = 0;
		};
/* End PBXFrameworksBuildPhase section */

/* Begin PBXGroup section */
		6E44D5A82B7CA12100546F46 /* App */ = {
			isa = PBXGroup;
			children = (
				6E8F732A2B7CA00E005B2737 /* AppDelegate.swift */,
				6E8F73352B7CA010005B2737 /* LaunchScreen.storyboard */,
				6E8F732C2B7CA00E005B2737 /* SceneDelegate.swift */,
				6E44D5B52B7CA57700546F46 /* AppCoordinator.swift */,
			);
			path = App;
			sourceTree = "<group>";
		};
		6E44D5A92B7CA12600546F46 /* Config */ = {
			isa = PBXGroup;
			children = (
				6E8F73382B7CA010005B2737 /* Info.plist */,
			);
			path = Config;
			sourceTree = "<group>";
		};
		6E44D5AA2B7CA12800546F46 /* Presenter */ = {
			isa = PBXGroup;
			children = (
				6EF0AC802B7FB5B900D98340 /* Repository */,
				6EF0AC8E2B809ABA00D98340 /* Main */,
			);
			path = Presenter;
			sourceTree = "<group>";
		};
		6E44D5AB2B7CA12B00546F46 /* Data */ = {
			isa = PBXGroup;
			children = (
				6EF0AC852B7FC36500D98340 /* Error */,
				6EF0AC7F2B7FB58400D98340 /* Repository */,
				6EF0AC7D2B7FB57800D98340 /* Model */,
			);
			path = Data;
			sourceTree = "<group>";
		};
		6E44D5AC2B7CA12F00546F46 /* Resource */ = {
			isa = PBXGroup;
			children = (
				6E8F73332B7CA010005B2737 /* Assets.xcassets */,
			);
			path = Resource;
			sourceTree = "<group>";
		};
		6E44D5AD2B7CA13100546F46 /* Utility */ = {
			isa = PBXGroup;
			children = (
				6EF0AC9A2B8231D800D98340 /* List+.swift */,
				6EF0ACB42B835C0B00D98340 /* String+.swift */,
				6EF0ACE02B84871100D98340 /* UIColor+.swift */,
			);
			path = Utility;
			sourceTree = "<group>";
		};
		6E44D5B12B7CA54B00546F46 /* Todo */ = {
			isa = PBXGroup;
			children = (
				6E44D5B42B7CA56E00546F46 /* Coordinator */,
				6E44D5B22B7CA56700546F46 /* HomeViewController.swift */,
				6E44D5BC2B7CB16C00546F46 /* HomeViewModel.swift */,
				6EF0AC742B7EE04300D98340 /* TodoList */,
				6EF0ACE32B848AE500D98340 /* MakeBox */,
				6EF0ACE22B848ADD00D98340 /* MakeTodo */,
			);
			path = Todo;
			sourceTree = "<group>";
		};
		6E44D5B42B7CA56E00546F46 /* Coordinator */ = {
			isa = PBXGroup;
			children = (
				6E44D5BA2B7CAA1B00546F46 /* HomeCoordinator.swift */,
			);
			path = Coordinator;
			sourceTree = "<group>";
		};
		6E44D5C32B7D7BDC00546F46 /* Cell */ = {
			isa = PBXGroup;
			children = (
				6E44D5C02B7D780C00546F46 /* TodoStateFilterCollectionViewCell.swift */,
				6E44D5D02B7D887C00546F46 /* TodoConfigTableViewCell.swift */,
				6EF0AC792B7EE17C00D98340 /* TodoTableViewCell.swift */,
				6EF0ACA22B823CBB00D98340 /* TodoTagCollectionViewCell.swift */,
				6EF0ACEA2B84EF1400D98340 /* TodoBoxTableViewCell.swift */,
			);
			path = Cell;
			sourceTree = "<group>";
		};
		6E44D5CB2B7D871000546F46 /* Reusable */ = {
			isa = PBXGroup;
			children = (
				6E44D5C72B7D830300546F46 /* CardView.swift */,
				6E44D5CC2B7D871900546F46 /* Divider.swift */,
				6EF0AC712B7E757C00D98340 /* IconLabel.swift */,
			);
			path = Reusable;
			sourceTree = "<group>";
		};
		6E44D5D42B7D958900546F46 /* Config */ = {
			isa = PBXGroup;
			children = (
				6E44D5D72B7D9D9400546F46 /* UpdateDueDateViewController.swift */,
				6EF0AC962B8218D500D98340 /* UpdateFlagViewController.swift */,
				6E44D5D92B7D9DA900546F46 /* UpdateTagViewController.swift */,
				6E44D5DB2B7D9DB600546F46 /* UpdatePriorityViewController.swift */,
			);
			path = Config;
			sourceTree = "<group>";
		};
		6E8F731E2B7CA00E005B2737 = {
			isa = PBXGroup;
			children = (
				6E8F73292B7CA00E005B2737 /* SeSAC-Mission-TODO */,
				6E8F73282B7CA00E005B2737 /* Products */,
			);
			sourceTree = "<group>";
		};
		6E8F73282B7CA00E005B2737 /* Products */ = {
			isa = PBXGroup;
			children = (
				6E8F73272B7CA00E005B2737 /* SeSAC-Mission-TODO.app */,
			);
			name = Products;
			sourceTree = "<group>";
		};
		6E8F73292B7CA00E005B2737 /* SeSAC-Mission-TODO */ = {
			isa = PBXGroup;
			children = (
				6E44D5A82B7CA12100546F46 /* App */,
				6E44D5A92B7CA12600546F46 /* Config */,
				6E44D5AB2B7CA12B00546F46 /* Data */,
				6E44D5AA2B7CA12800546F46 /* Presenter */,
				6E44D5AC2B7CA12F00546F46 /* Resource */,
				6E44D5AD2B7CA13100546F46 /* Utility */,
			);
			path = "SeSAC-Mission-TODO";
			sourceTree = "<group>";
		};
		6EF0AC732B7E75B300D98340 /* Custom */ = {
			isa = PBXGroup;
			children = (
			);
			path = Custom;
			sourceTree = "<group>";
		};
		6EF0AC742B7EE04300D98340 /* TodoList */ = {
			isa = PBXGroup;
			children = (
				6EF0AC752B7EE05D00D98340 /* TodoListViewController.swift */,
				6EF0AC772B7EE0D300D98340 /* TodoListViewModel.swift */,
				6EF0ACB92B84243F00D98340 /* DueDateFilterViewController.swift */,
			);
			path = TodoList;
			sourceTree = "<group>";
		};
		6EF0AC7D2B7FB57800D98340 /* Model */ = {
			isa = PBXGroup;
			children = (
				6EF0ACDE2B8484FD00D98340 /* TodoBox.swift */,
				6E44D5BE2B7CE56F00546F46 /* TodoItem.swift */,
				6EF0AC9C2B82367900D98340 /* TodoTag.swift */,
				6EF0AC832B7FB83200D98340 /* RealmModel.swift */,
				6EF0AC8F2B80A4E300D98340 /* RealmViewModel.swift */,
			);
			path = Model;
			sourceTree = "<group>";
		};
		6EF0AC7F2B7FB58400D98340 /* Repository */ = {
			isa = PBXGroup;
			children = (
				6EF0AC8A2B7FC38F00D98340 /* LiveTodoItemRepository.swift */,
				6EF0ACA02B8238EE00D98340 /* LiveTodoTagRepository.swift */,
				6EF0ACE82B84C48000D98340 /* LiveTodoBoxRepository.swift */,
			);
			path = Repository;
			sourceTree = "<group>";
		};
		6EF0AC802B7FB5B900D98340 /* Repository */ = {
			isa = PBXGroup;
			children = (
				6EF0AC812B7FB6E900D98340 /* TodoItemRepository.swift */,
				6EF0AC9E2B82386F00D98340 /* TodoTagRepository.swift */,
				6EF0ACE62B84C43C00D98340 /* TodoBoxRepository.swift */,
			);
			path = Repository;
			sourceTree = "<group>";
		};
		6EF0AC852B7FC36500D98340 /* Error */ = {
			isa = PBXGroup;
			children = (
				6EF0AC862B7FC37000D98340 /* RealmError.swift */,
				6EF0ACAE2B83335100D98340 /* FileManageError.swift */,
			);
			path = Error;
			sourceTree = "<group>";
		};
		6EF0AC8E2B809ABA00D98340 /* Main */ = {
			isa = PBXGroup;
			children = (
				6E44D5CB2B7D871000546F46 /* Reusable */,
				6E44D5C32B7D7BDC00546F46 /* Cell */,
				6EF0AC732B7E75B300D98340 /* Custom */,
				6E44D5B12B7CA54B00546F46 /* Todo */,
			);
			path = Main;
			sourceTree = "<group>";
		};
		6EF0AC912B81172500D98340 /* Coordinator */ = {
			isa = PBXGroup;
			children = (
				6EF0AC922B81174900D98340 /* MakeTodoCoordinator.swift */,
			);
			path = Coordinator;
			sourceTree = "<group>";
		};
		6EF0ACE22B848ADD00D98340 /* MakeTodo */ = {
			isa = PBXGroup;
			children = (
				6EF0AC912B81172500D98340 /* Coordinator */,
				6E44D5C92B7D864E00546F46 /* MakeTodoViewController.swift */,
				6E44D5D22B7D8AB600546F46 /* MakeTodoViewModel.swift */,
				6E44D5D42B7D958900546F46 /* Config */,
			);
			path = MakeTodo;
			sourceTree = "<group>";
		};
		6EF0ACE32B848AE500D98340 /* MakeBox */ = {
			isa = PBXGroup;
			children = (
				6EF0ACE42B848B0400D98340 /* MakeBoxViewController.swift */,
			);
			path = MakeBox;
			sourceTree = "<group>";
		};
/* End PBXGroup section */

/* Begin PBXNativeTarget section */
		6E8F73262B7CA00E005B2737 /* SeSAC-Mission-TODO */ = {
			isa = PBXNativeTarget;
			buildConfigurationList = 6E8F733B2B7CA010005B2737 /* Build configuration list for PBXNativeTarget "SeSAC-Mission-TODO" */;
			buildPhases = (
				6E8F73232B7CA00E005B2737 /* Sources */,
				6E8F73242B7CA00E005B2737 /* Frameworks */,
				6E8F73252B7CA00E005B2737 /* Resources */,
			);
			buildRules = (
			);
			dependencies = (
			);
			name = "SeSAC-Mission-TODO";
			packageProductDependencies = (
				6E44D5AF2B7CA39D00546F46 /* KazUtility */,
				6E44D5B82B7CA59D00546F46 /* SnapKit */,
				6EF0AC6D2B7E725600D98340 /* Realm */,
				6EF0AC6F2B7E725600D98340 /* RealmSwift */,
				6EF0ACB72B83865600D98340 /* FSCalendar */,
			);
			productName = "SeSAC-Mission-TODO";
			productReference = 6E8F73272B7CA00E005B2737 /* SeSAC-Mission-TODO.app */;
			productType = "com.apple.product-type.application";
		};
/* End PBXNativeTarget section */

/* Begin PBXProject section */
		6E8F731F2B7CA00E005B2737 /* Project object */ = {
			isa = PBXProject;
			attributes = {
				BuildIndependentTargetsInParallel = 1;
				LastSwiftUpdateCheck = 1520;
				LastUpgradeCheck = 1520;
				TargetAttributes = {
					6E8F73262B7CA00E005B2737 = {
						CreatedOnToolsVersion = 15.2;
					};
				};
			};
			buildConfigurationList = 6E8F73222B7CA00E005B2737 /* Build configuration list for PBXProject "SeSAC-Mission-TODO" */;
			compatibilityVersion = "Xcode 14.0";
			developmentRegion = en;
			hasScannedForEncodings = 0;
			knownRegions = (
				en,
				Base,
			);
			mainGroup = 6E8F731E2B7CA00E005B2737;
			packageReferences = (
				6E44D5AE2B7CA39D00546F46 /* XCRemoteSwiftPackageReference "KazUtility" */,
				6E44D5B72B7CA59D00546F46 /* XCRemoteSwiftPackageReference "SnapKit" */,
				6EF0AC6C2B7E725600D98340 /* XCRemoteSwiftPackageReference "realm-swift" */,
				6EF0ACB62B83865600D98340 /* XCRemoteSwiftPackageReference "FSCalendar" */,
			);
			productRefGroup = 6E8F73282B7CA00E005B2737 /* Products */;
			projectDirPath = "";
			projectRoot = "";
			targets = (
				6E8F73262B7CA00E005B2737 /* SeSAC-Mission-TODO */,
			);
		};
/* End PBXProject section */

/* Begin PBXResourcesBuildPhase section */
		6E8F73252B7CA00E005B2737 /* Resources */ = {
			isa = PBXResourcesBuildPhase;
			buildActionMask = 2147483647;
			files = (
				6E8F73372B7CA010005B2737 /* LaunchScreen.storyboard in Resources */,
				6E8F73342B7CA010005B2737 /* Assets.xcassets in Resources */,
			);
			runOnlyForDeploymentPostprocessing = 0;
		};
/* End PBXResourcesBuildPhase section */

/* Begin PBXSourcesBuildPhase section */
		6E8F73232B7CA00E005B2737 /* Sources */ = {
			isa = PBXSourcesBuildPhase;
			buildActionMask = 2147483647;
			files = (
				6EF0ACBA2B84243F00D98340 /* DueDateFilterViewController.swift in Sources */,
				6EF0AC7A2B7EE17C00D98340 /* TodoTableViewCell.swift in Sources */,
				6E44D5BF2B7CE56F00546F46 /* TodoItem.swift in Sources */,
				6E44D5C82B7D830300546F46 /* CardView.swift in Sources */,
				6E44D5B62B7CA57700546F46 /* AppCoordinator.swift in Sources */,
				6E44D5BD2B7CB16C00546F46 /* HomeViewModel.swift in Sources */,
				6EF0AC972B8218D500D98340 /* UpdateFlagViewController.swift in Sources */,
				6EF0AC782B7EE0D300D98340 /* TodoListViewModel.swift in Sources */,
				6EF0AC932B81174900D98340 /* MakeTodoCoordinator.swift in Sources */,
				6E44D5DA2B7D9DA900546F46 /* UpdateTagViewController.swift in Sources */,
				6EF0AC722B7E757C00D98340 /* IconLabel.swift in Sources */,
				6E44D5DC2B7D9DB600546F46 /* UpdatePriorityViewController.swift in Sources */,
				6EF0ACE52B848B0400D98340 /* MakeBoxViewController.swift in Sources */,
				6E8F732B2B7CA00E005B2737 /* AppDelegate.swift in Sources */,
				6EF0AC9B2B8231D800D98340 /* List+.swift in Sources */,
				6E44D5BB2B7CAA1B00546F46 /* HomeCoordinator.swift in Sources */,
				6EF0ACB52B835C0B00D98340 /* String+.swift in Sources */,
				6E44D5CD2B7D871900546F46 /* Divider.swift in Sources */,
				6E44D5D32B7D8AB600546F46 /* MakeTodoViewModel.swift in Sources */,
				6EF0AC902B80A4E300D98340 /* RealmViewModel.swift in Sources */,
				6EF0ACDF2B8484FD00D98340 /* TodoBox.swift in Sources */,
				6E44D5D12B7D887C00546F46 /* TodoConfigTableViewCell.swift in Sources */,
				6EF0AC872B7FC37000D98340 /* RealmError.swift in Sources */,
				6EF0AC9F2B82386F00D98340 /* TodoTagRepository.swift in Sources */,
				6E44D5CA2B7D864E00546F46 /* MakeTodoViewController.swift in Sources */,
				6EF0ACAF2B83335100D98340 /* FileManageError.swift in Sources */,
				6E44D5D82B7D9D9400546F46 /* UpdateDueDateViewController.swift in Sources */,
				6EF0ACA32B823CBB00D98340 /* TodoTagCollectionViewCell.swift in Sources */,
				6EF0AC8B2B7FC38F00D98340 /* LiveTodoItemRepository.swift in Sources */,
				6E8F732D2B7CA00E005B2737 /* SceneDelegate.swift in Sources */,
				6EF0AC762B7EE05D00D98340 /* TodoListViewController.swift in Sources */,
				6EF0AC9D2B82367900D98340 /* TodoTag.swift in Sources */,
				6EF0AC822B7FB6E900D98340 /* TodoItemRepository.swift in Sources */,
				6EF0ACE12B84871100D98340 /* UIColor+.swift in Sources */,
				6E44D5C12B7D780C00546F46 /* TodoStateFilterCollectionViewCell.swift in Sources */,
				6E44D5B32B7CA56700546F46 /* HomeViewController.swift in Sources */,
				6EF0AC842B7FB83200D98340 /* RealmModel.swift in Sources */,
				6EF0ACE92B84C48000D98340 /* LiveTodoBoxRepository.swift in Sources */,
				6EF0ACEB2B84EF1400D98340 /* TodoBoxTableViewCell.swift in Sources */,
				6EF0ACE72B84C43C00D98340 /* TodoBoxRepository.swift in Sources */,
				6EF0ACA12B8238EE00D98340 /* LiveTodoTagRepository.swift in Sources */,
			);
			runOnlyForDeploymentPostprocessing = 0;
		};
/* End PBXSourcesBuildPhase section */

/* Begin PBXVariantGroup section */
		6E8F73352B7CA010005B2737 /* LaunchScreen.storyboard */ = {
			isa = PBXVariantGroup;
			children = (
				6E8F73362B7CA010005B2737 /* Base */,
			);
			name = LaunchScreen.storyboard;
			sourceTree = "<group>";
		};
/* End PBXVariantGroup section */

/* Begin XCBuildConfiguration section */
		6E8F73392B7CA010005B2737 /* Debug */ = {
			isa = XCBuildConfiguration;
			buildSettings = {
				ALWAYS_SEARCH_USER_PATHS = NO;
				ASSETCATALOG_COMPILER_GENERATE_SWIFT_ASSET_SYMBOL_EXTENSIONS = YES;
				CLANG_ANALYZER_NONNULL = YES;
				CLANG_ANALYZER_NUMBER_OBJECT_CONVERSION = YES_AGGRESSIVE;
				CLANG_CXX_LANGUAGE_STANDARD = "gnu++20";
				CLANG_ENABLE_MODULES = YES;
				CLANG_ENABLE_OBJC_ARC = YES;
				CLANG_ENABLE_OBJC_WEAK = YES;
				CLANG_WARN_BLOCK_CAPTURE_AUTORELEASING = YES;
				CLANG_WARN_BOOL_CONVERSION = YES;
				CLANG_WARN_COMMA = YES;
				CLANG_WARN_CONSTANT_CONVERSION = YES;
				CLANG_WARN_DEPRECATED_OBJC_IMPLEMENTATIONS = YES;
				CLANG_WARN_DIRECT_OBJC_ISA_USAGE = YES_ERROR;
				CLANG_WARN_DOCUMENTATION_COMMENTS = YES;
				CLANG_WARN_EMPTY_BODY = YES;
				CLANG_WARN_ENUM_CONVERSION = YES;
				CLANG_WARN_INFINITE_RECURSION = YES;
				CLANG_WARN_INT_CONVERSION = YES;
				CLANG_WARN_NON_LITERAL_NULL_CONVERSION = YES;
				CLANG_WARN_OBJC_IMPLICIT_RETAIN_SELF = YES;
				CLANG_WARN_OBJC_LITERAL_CONVERSION = YES;
				CLANG_WARN_OBJC_ROOT_CLASS = YES_ERROR;
				CLANG_WARN_QUOTED_INCLUDE_IN_FRAMEWORK_HEADER = YES;
				CLANG_WARN_RANGE_LOOP_ANALYSIS = YES;
				CLANG_WARN_STRICT_PROTOTYPES = YES;
				CLANG_WARN_SUSPICIOUS_MOVE = YES;
				CLANG_WARN_UNGUARDED_AVAILABILITY = YES_AGGRESSIVE;
				CLANG_WARN_UNREACHABLE_CODE = YES;
				CLANG_WARN__DUPLICATE_METHOD_MATCH = YES;
				COPY_PHASE_STRIP = NO;
				DEBUG_INFORMATION_FORMAT = dwarf;
				ENABLE_STRICT_OBJC_MSGSEND = YES;
				ENABLE_TESTABILITY = YES;
				ENABLE_USER_SCRIPT_SANDBOXING = YES;
				GCC_C_LANGUAGE_STANDARD = gnu17;
				GCC_DYNAMIC_NO_PIC = NO;
				GCC_NO_COMMON_BLOCKS = YES;
				GCC_OPTIMIZATION_LEVEL = 0;
				GCC_PREPROCESSOR_DEFINITIONS = (
					"DEBUG=1",
					"$(inherited)",
				);
				GCC_WARN_64_TO_32_BIT_CONVERSION = YES;
				GCC_WARN_ABOUT_RETURN_TYPE = YES_ERROR;
				GCC_WARN_UNDECLARED_SELECTOR = YES;
				GCC_WARN_UNINITIALIZED_AUTOS = YES_AGGRESSIVE;
				GCC_WARN_UNUSED_FUNCTION = YES;
				GCC_WARN_UNUSED_VARIABLE = YES;
				IPHONEOS_DEPLOYMENT_TARGET = 17.2;
				LOCALIZATION_PREFERS_STRING_CATALOGS = YES;
				MTL_ENABLE_DEBUG_INFO = INCLUDE_SOURCE;
				MTL_FAST_MATH = YES;
				ONLY_ACTIVE_ARCH = YES;
				SDKROOT = iphoneos;
				SWIFT_ACTIVE_COMPILATION_CONDITIONS = "DEBUG $(inherited)";
				SWIFT_OPTIMIZATION_LEVEL = "-Onone";
			};
			name = Debug;
		};
		6E8F733A2B7CA010005B2737 /* Release */ = {
			isa = XCBuildConfiguration;
			buildSettings = {
				ALWAYS_SEARCH_USER_PATHS = NO;
				ASSETCATALOG_COMPILER_GENERATE_SWIFT_ASSET_SYMBOL_EXTENSIONS = YES;
				CLANG_ANALYZER_NONNULL = YES;
				CLANG_ANALYZER_NUMBER_OBJECT_CONVERSION = YES_AGGRESSIVE;
				CLANG_CXX_LANGUAGE_STANDARD = "gnu++20";
				CLANG_ENABLE_MODULES = YES;
				CLANG_ENABLE_OBJC_ARC = YES;
				CLANG_ENABLE_OBJC_WEAK = YES;
				CLANG_WARN_BLOCK_CAPTURE_AUTORELEASING = YES;
				CLANG_WARN_BOOL_CONVERSION = YES;
				CLANG_WARN_COMMA = YES;
				CLANG_WARN_CONSTANT_CONVERSION = YES;
				CLANG_WARN_DEPRECATED_OBJC_IMPLEMENTATIONS = YES;
				CLANG_WARN_DIRECT_OBJC_ISA_USAGE = YES_ERROR;
				CLANG_WARN_DOCUMENTATION_COMMENTS = YES;
				CLANG_WARN_EMPTY_BODY = YES;
				CLANG_WARN_ENUM_CONVERSION = YES;
				CLANG_WARN_INFINITE_RECURSION = YES;
				CLANG_WARN_INT_CONVERSION = YES;
				CLANG_WARN_NON_LITERAL_NULL_CONVERSION = YES;
				CLANG_WARN_OBJC_IMPLICIT_RETAIN_SELF = YES;
				CLANG_WARN_OBJC_LITERAL_CONVERSION = YES;
				CLANG_WARN_OBJC_ROOT_CLASS = YES_ERROR;
				CLANG_WARN_QUOTED_INCLUDE_IN_FRAMEWORK_HEADER = YES;
				CLANG_WARN_RANGE_LOOP_ANALYSIS = YES;
				CLANG_WARN_STRICT_PROTOTYPES = YES;
				CLANG_WARN_SUSPICIOUS_MOVE = YES;
				CLANG_WARN_UNGUARDED_AVAILABILITY = YES_AGGRESSIVE;
				CLANG_WARN_UNREACHABLE_CODE = YES;
				CLANG_WARN__DUPLICATE_METHOD_MATCH = YES;
				COPY_PHASE_STRIP = NO;
				DEBUG_INFORMATION_FORMAT = "dwarf-with-dsym";
				ENABLE_NS_ASSERTIONS = NO;
				ENABLE_STRICT_OBJC_MSGSEND = YES;
				ENABLE_USER_SCRIPT_SANDBOXING = YES;
				GCC_C_LANGUAGE_STANDARD = gnu17;
				GCC_NO_COMMON_BLOCKS = YES;
				GCC_WARN_64_TO_32_BIT_CONVERSION = YES;
				GCC_WARN_ABOUT_RETURN_TYPE = YES_ERROR;
				GCC_WARN_UNDECLARED_SELECTOR = YES;
				GCC_WARN_UNINITIALIZED_AUTOS = YES_AGGRESSIVE;
				GCC_WARN_UNUSED_FUNCTION = YES;
				GCC_WARN_UNUSED_VARIABLE = YES;
				IPHONEOS_DEPLOYMENT_TARGET = 17.2;
				LOCALIZATION_PREFERS_STRING_CATALOGS = YES;
				MTL_ENABLE_DEBUG_INFO = NO;
				MTL_FAST_MATH = YES;
				SDKROOT = iphoneos;
				SWIFT_COMPILATION_MODE = wholemodule;
				VALIDATE_PRODUCT = YES;
			};
			name = Release;
		};
		6E8F733C2B7CA010005B2737 /* Debug */ = {
			isa = XCBuildConfiguration;
			buildSettings = {
				ASSETCATALOG_COMPILER_APPICON_NAME = AppIcon;
				ASSETCATALOG_COMPILER_GLOBAL_ACCENT_COLOR_NAME = AccentColor;
				CODE_SIGN_STYLE = Automatic;
				CURRENT_PROJECT_VERSION = 1;
				DEVELOPMENT_TEAM = 75QZ7682T2;
				GENERATE_INFOPLIST_FILE = YES;
				INFOPLIST_FILE = "SeSAC-Mission-TODO/Config/Info.plist";
				INFOPLIST_KEY_UIApplicationSupportsIndirectInputEvents = YES;
				INFOPLIST_KEY_UILaunchStoryboardName = LaunchScreen;
				INFOPLIST_KEY_UISupportedInterfaceOrientations = UIInterfaceOrientationPortrait;
				INFOPLIST_KEY_UISupportedInterfaceOrientations_iPad = "UIInterfaceOrientationLandscapeLeft UIInterfaceOrientationLandscapeRight UIInterfaceOrientationPortrait UIInterfaceOrientationPortraitUpsideDown";
				LD_RUNPATH_SEARCH_PATHS = (
					"$(inherited)",
					"@executable_path/Frameworks",
				);
				MARKETING_VERSION = 1.0;
				PRODUCT_BUNDLE_IDENTIFIER = "com.Kaz.SeSAC-Mission-TODO";
				PRODUCT_NAME = "$(TARGET_NAME)";
				SUPPORTED_PLATFORMS = "iphoneos iphonesimulator";
				SUPPORTS_MACCATALYST = NO;
				SUPPORTS_MAC_DESIGNED_FOR_IPHONE_IPAD = NO;
				SUPPORTS_XR_DESIGNED_FOR_IPHONE_IPAD = NO;
				SWIFT_EMIT_LOC_STRINGS = YES;
				SWIFT_VERSION = 5.0;
				TARGETED_DEVICE_FAMILY = 1;
			};
			name = Debug;
		};
		6E8F733D2B7CA010005B2737 /* Release */ = {
			isa = XCBuildConfiguration;
			buildSettings = {
				ASSETCATALOG_COMPILER_APPICON_NAME = AppIcon;
				ASSETCATALOG_COMPILER_GLOBAL_ACCENT_COLOR_NAME = AccentColor;
				CODE_SIGN_STYLE = Automatic;
				CURRENT_PROJECT_VERSION = 1;
				DEVELOPMENT_TEAM = 75QZ7682T2;
				GENERATE_INFOPLIST_FILE = YES;
				INFOPLIST_FILE = "SeSAC-Mission-TODO/Config/Info.plist";
				INFOPLIST_KEY_UIApplicationSupportsIndirectInputEvents = YES;
				INFOPLIST_KEY_UILaunchStoryboardName = LaunchScreen;
				INFOPLIST_KEY_UISupportedInterfaceOrientations = UIInterfaceOrientationPortrait;
				INFOPLIST_KEY_UISupportedInterfaceOrientations_iPad = "UIInterfaceOrientationLandscapeLeft UIInterfaceOrientationLandscapeRight UIInterfaceOrientationPortrait UIInterfaceOrientationPortraitUpsideDown";
				LD_RUNPATH_SEARCH_PATHS = (
					"$(inherited)",
					"@executable_path/Frameworks",
				);
				MARKETING_VERSION = 1.0;
				PRODUCT_BUNDLE_IDENTIFIER = "com.Kaz.SeSAC-Mission-TODO";
				PRODUCT_NAME = "$(TARGET_NAME)";
				SUPPORTED_PLATFORMS = "iphoneos iphonesimulator";
				SUPPORTS_MACCATALYST = NO;
				SUPPORTS_MAC_DESIGNED_FOR_IPHONE_IPAD = NO;
				SUPPORTS_XR_DESIGNED_FOR_IPHONE_IPAD = NO;
				SWIFT_EMIT_LOC_STRINGS = YES;
				SWIFT_VERSION = 5.0;
				TARGETED_DEVICE_FAMILY = 1;
			};
			name = Release;
		};
/* End XCBuildConfiguration section */

/* Begin XCConfigurationList section */
		6E8F73222B7CA00E005B2737 /* Build configuration list for PBXProject "SeSAC-Mission-TODO" */ = {
			isa = XCConfigurationList;
			buildConfigurations = (
				6E8F73392B7CA010005B2737 /* Debug */,
				6E8F733A2B7CA010005B2737 /* Release */,
			);
			defaultConfigurationIsVisible = 0;
			defaultConfigurationName = Release;
		};
		6E8F733B2B7CA010005B2737 /* Build configuration list for PBXNativeTarget "SeSAC-Mission-TODO" */ = {
			isa = XCConfigurationList;
			buildConfigurations = (
				6E8F733C2B7CA010005B2737 /* Debug */,
				6E8F733D2B7CA010005B2737 /* Release */,
			);
			defaultConfigurationIsVisible = 0;
			defaultConfigurationName = Release;
		};
/* End XCConfigurationList section */

/* Begin XCRemoteSwiftPackageReference section */
		6E44D5AE2B7CA39D00546F46 /* XCRemoteSwiftPackageReference "KazUtility" */ = {
			isa = XCRemoteSwiftPackageReference;
			repositoryURL = "https://github.com/wontaeyoung/KazUtility";
			requirement = {
				kind = upToNextMajorVersion;
				minimumVersion = 1.0.0;
			};
		};
		6E44D5B72B7CA59D00546F46 /* XCRemoteSwiftPackageReference "SnapKit" */ = {
			isa = XCRemoteSwiftPackageReference;
			repositoryURL = "https://github.com/SnapKit/SnapKit";
			requirement = {
				kind = upToNextMajorVersion;
				minimumVersion = 5.7.0;
			};
		};
		6EF0AC6C2B7E725600D98340 /* XCRemoteSwiftPackageReference "realm-swift" */ = {
			isa = XCRemoteSwiftPackageReference;
			repositoryURL = "https://github.com/realm/realm-swift";
			requirement = {
				kind = exactVersion;
				version = 10.47.0;
			};
		};
		6EF0ACB62B83865600D98340 /* XCRemoteSwiftPackageReference "FSCalendar" */ = {
			isa = XCRemoteSwiftPackageReference;
			repositoryURL = "https://github.com/WenchaoD/FSCalendar.git";
			requirement = {
				kind = upToNextMajorVersion;
				minimumVersion = 2.8.4;
			};
		};
/* End XCRemoteSwiftPackageReference section */

/* Begin XCSwiftPackageProductDependency section */
		6E44D5AF2B7CA39D00546F46 /* KazUtility */ = {
			isa = XCSwiftPackageProductDependency;
			package = 6E44D5AE2B7CA39D00546F46 /* XCRemoteSwiftPackageReference "KazUtility" */;
			productName = KazUtility;
		};
		6E44D5B82B7CA59D00546F46 /* SnapKit */ = {
			isa = XCSwiftPackageProductDependency;
			package = 6E44D5B72B7CA59D00546F46 /* XCRemoteSwiftPackageReference "SnapKit" */;
			productName = SnapKit;
		};
		6EF0AC6D2B7E725600D98340 /* Realm */ = {
			isa = XCSwiftPackageProductDependency;
			package = 6EF0AC6C2B7E725600D98340 /* XCRemoteSwiftPackageReference "realm-swift" */;
			productName = Realm;
		};
		6EF0AC6F2B7E725600D98340 /* RealmSwift */ = {
			isa = XCSwiftPackageProductDependency;
			package = 6EF0AC6C2B7E725600D98340 /* XCRemoteSwiftPackageReference "realm-swift" */;
			productName = RealmSwift;
		};
		6EF0ACB72B83865600D98340 /* FSCalendar */ = {
			isa = XCSwiftPackageProductDependency;
			package = 6EF0ACB62B83865600D98340 /* XCRemoteSwiftPackageReference "FSCalendar" */;
			productName = FSCalendar;
		};
/* End XCSwiftPackageProductDependency section */
	};
	rootObject = 6E8F731F2B7CA00E005B2737 /* Project object */;
}
