{
  "pins" : [
    {
      "identity" : "kazutility",
      "kind" : "remoteSourceControl",
      "location" : "https://github.com/wontaeyoung/KazUtility",
      "state" : {
        "revision" : "bc90f790b95029cf37548f87477e1c5b9bcd959f",
        "version" : "1.0.5"
      }
    },
    {
      "identity" : "snapkit",
      "kind" : "remoteSourceControl",
      "location" : "https://github.com/SnapKit/SnapKit",
      "state" : {
        "revision" : "e74fe2a978d1216c3602b129447c7301573cc2d8",
        "version" : "5.7.0"
      }
    }
  ],
  "version" : 2
}
