{
  "pins" : [
    {
      "identity" : "kazutility",
      "kind" : "remoteSourceControl",
      "location" : "https://github.com/wontaeyoung/KazUtility",
      "state" : {
        "revision" : "829eda49926667a9f62bda76808017d74fa0b429",
        "version" : "1.0.4"
      }
    },
    {
      "identity" : "snapkit",
      "kind" : "remoteSourceControl",
      "location" : "https://github.com/SnapKit/SnapKit",
      "state" : {
        "revision" : "e74fe2a978d1216c3602b129447c7301573cc2d8",
        "version" : "5.7.0"
      }
    }
  ],
  "version" : 2
}
